{
  "name": "batalla-chismes",
  "version": "1.0.0",
  "lockfileVersion": 3,
  "requires": true,
  "packages": {
    "": {
      "name": "batalla-chismes",
      "version": "1.0.0",
      "license": "ISC",
      "dependencies": {
        "chalk": "^5.4.1",
        "kleur": "^4.1.5",
        "redline": "^1.0.1"
      }
    },
    "node_modules/chalk": {
      "version": "5.4.1",
      "resolved": "https://registry.npmjs.org/chalk/-/chalk-5.4.1.tgz",
      "integrity": "sha512-zgVZuo2WcZgfUEmsn6eO3kINexW8RAE4maiQ8QNs8CtpPCSyMiYsULR3HQYkm3w8FIA3SberyMJMSldGsW+U3w==",
      "license": "MIT",
      "engines": {
        "node": "^12.17.0 || ^14.13 || >=16.0.0"
      },
      "funding": {
        "url": "https://github.com/chalk/chalk?sponsor=1"
      }
    },
    "node_modules/jquery": {
      "version": "2.2.4",
      "resolved": "https://registry.npmjs.org/jquery/-/jquery-2.2.4.tgz",
      "integrity": "sha512-lBHj60ezci2u1v2FqnZIraShGgEXq35qCzMv4lITyHGppTnA13rwR0MgwyNJh9TnDs3aXUvd1xjAotfraMHX/Q==",
      "deprecated": "This version is deprecated. Please upgrade to the latest version or find support at https://www.herodevs.com/support/jquery-nes.",
      "license": "MIT"
    },
    "node_modules/jquery-bridget": {
      "version": "1.1.0",
      "resolved": "https://registry.npmjs.org/jquery-bridget/-/jquery-bridget-1.1.0.tgz",
      "integrity": "sha512-bCaa6mjKEJsB1nOt2sJ8rlbUGdT1F0eX31h6j6i1DmqHWZeY/5ikU8uHcrl1B3m9DeCy1YFOkhdCIoB3zVXmIQ==",
      "license": "MIT",
      "dependencies": {
        "jquery": ">=1.4.2 <3"
      }
    },
    "node_modules/kleur": {
      "version": "4.1.5",
      "resolved": "https://registry.npmjs.org/kleur/-/kleur-4.1.5.tgz",
      "integrity": "sha512-o+NO+8WrRiQEE4/7nwRJhN1HWpVmJm511pBHUxPLtp0BUISzlBplORYSmTclCnJvQq2tKu/sgl3xVpkc7ZWuQQ==",
      "license": "MIT",
      "engines": {
        "node": ">=6"
      }
    },
    "node_modules/redline": {
      "version": "1.0.1",
      "resolved": "https://registry.npmjs.org/redline/-/redline-1.0.1.tgz",
      "integrity": "sha512-13lGxf2cPQKHsiIi6FZOjzcSKZTYjIQb1WyDHbfCmxwLd4DDd3laSjqCnPK+FJG7mXwMSG5sQPmoN+e7qyumzg==",
      "license": "MIT",
      "dependencies": {
        "jquery-bridget": "^1.1.0"
      }
    }
  }
}
